
Microsoft Visual Studio Solution File, Format Version 12.00
# Visual Studio Version 16
VisualStudioVersion = 16.0.29424.173
MinimumVisualStudioVersion = 10.0.40219.1
Project("{FAE04EC0-301F-11D3-BF4B-00C04F79EFBC}") = "Tic-Tac_Toe", "Tic-Tac_Toe\Tic-Tac_Toe.csproj", "{3A8B4838-9196-42CC-8F9A-7ECCF743F248}"
EndProject
Global
	GlobalSection(SolutionConfigurationPlatforms) = preSolution
		Debug|Any CPU = Debug|Any CPU
		Release|Any CPU = Release|Any CPU
	EndGlobalSection
	GlobalSection(ProjectConfigurationPlatforms) = postSolution
		{3A8B4838-9196-42CC-8F9A-7ECCF743F248}.Debug|Any CPU.ActiveCfg = Debug|Any CPU
		{3A8B4838-9196-42CC-8F9A-7ECCF743F248}.Debug|Any CPU.Build.0 = Debug|Any CPU
		{3A8B4838-9196-42CC-8F9A-7ECCF743F248}.Release|Any CPU.ActiveCfg = Release|Any CPU
		{3A8B4838-9196-42CC-8F9A-7ECCF743F248}.Release|Any CPU.Build.0 = Release|Any CPU
	EndGlobalSection
	GlobalSection(SolutionProperties) = preSolution
		HideSolutionNode = FALSE
	EndGlobalSection
	GlobalSection(ExtensibilityGlobals) = postSolution
		SolutionGuid = {042E08CB-BA8A-4BB4-A518-7E0B1FFC762A}
	EndGlobalSection
EndGlobal
